
Microsoft Visual Studio Solution File, Format Version 12.00
# Visual Studio Version 17
VisualStudioVersion = 17.1.32210.238
MinimumVisualStudioVersion = 10.0.40219.1
Project("{FAE04EC0-301F-11D3-BF4B-00C04F79EFBC}") = "GerenciadorCondominios", "GerenciadorCondominios\GerenciadorCondominios.csproj", "{9ADA8E39-2F1F-4749-842E-E4A7DFE5C1F6}"
EndProject
Project("{FAE04EC0-301F-11D3-BF4B-00C04F79EFBC}") = "GerenciadorCondominios.BLL", "GerenciadorCondominios.BLL\GerenciadorCondominios.BLL.csproj", "{97BAC213-B1BE-4421-AF39-3B5F5A25C09F}"
EndProject
Project("{FAE04EC0-301F-11D3-BF4B-00C04F79EFBC}") = "GerenciadorCondominios.DAL", "GerenciadorCondominios.DAL\GerenciadorCondominios.DAL.csproj", "{A35DD8FC-3715-431D-839D-F982C0FB771D}"
EndProject
Global
	GlobalSection(SolutionConfigurationPlatforms) = preSolution
		Debug|Any CPU = Debug|Any CPU
		Release|Any CPU = Release|Any CPU
	EndGlobalSection
	GlobalSection(ProjectConfigurationPlatforms) = postSolution
		{9ADA8E39-2F1F-4749-842E-E4A7DFE5C1F6}.Debug|Any CPU.ActiveCfg = Debug|Any CPU
		{9ADA8E39-2F1F-4749-842E-E4A7DFE5C1F6}.Debug|Any CPU.Build.0 = Debug|Any CPU
		{9ADA8E39-2F1F-4749-842E-E4A7DFE5C1F6}.Release|Any CPU.ActiveCfg = Release|Any CPU
		{9ADA8E39-2F1F-4749-842E-E4A7DFE5C1F6}.Release|Any CPU.Build.0 = Release|Any CPU
		{97BAC213-B1BE-4421-AF39-3B5F5A25C09F}.Debug|Any CPU.ActiveCfg = Debug|Any CPU
		{97BAC213-B1BE-4421-AF39-3B5F5A25C09F}.Debug|Any CPU.Build.0 = Debug|Any CPU
		{97BAC213-B1BE-4421-AF39-3B5F5A25C09F}.Release|Any CPU.ActiveCfg = Release|Any CPU
		{97BAC213-B1BE-4421-AF39-3B5F5A25C09F}.Release|Any CPU.Build.0 = Release|Any CPU
		{A35DD8FC-3715-431D-839D-F982C0FB771D}.Debug|Any CPU.ActiveCfg = Debug|Any CPU
		{A35DD8FC-3715-431D-839D-F982C0FB771D}.Debug|Any CPU.Build.0 = Debug|Any CPU
		{A35DD8FC-3715-431D-839D-F982C0FB771D}.Release|Any CPU.ActiveCfg = Release|Any CPU
		{A35DD8FC-3715-431D-839D-F982C0FB771D}.Release|Any CPU.Build.0 = Release|Any CPU
	EndGlobalSection
	GlobalSection(SolutionProperties) = preSolution
		HideSolutionNode = FALSE
	EndGlobalSection
	GlobalSection(ExtensibilityGlobals) = postSolution
		SolutionGuid = {0C6668CB-5D1B-44F2-BDB3-3283ABFC6E28}
	EndGlobalSection
EndGlobal
